<?xml version="1.0" encoding="utf-8"?>
<Project ToolsVersion="4.0" xmlns="http://schemas.microsoft.com/developer/msbuild/2003">
  <ItemGroup>
    <Filter Include="Source Files">
      <UniqueIdentifier>{4FC737F1-C7A5-4376-A066-2A32D752A2FF}</UniqueIdentifier>
      <Extensions>cpp;c;cc;cxx;def;odl;idl;hpj;bat;asm;asmx</Extensions>
    </Filter>
    <Filter Include="Header Files">
      <UniqueIdentifier>{93995380-89BD-4b04-88EB-625FBE52EBFB}</UniqueIdentifier>
      <Extensions>h;hh;hpp;hxx;hm;inl;inc;ipp;xsd</Extensions>
    </Filter>
    <Filter Include="Resource Files">
      <UniqueIdentifier>{67DA6AB6-F800-4c08-8B7A-83BB121AAD01}</UniqueIdentifier>
      <Extensions>rc;ico;cur;bmp;dlg;rc2;rct;bin;rgs;gif;jpg;jpeg;jpe;resx;tiff;tif;png;wav;mfcribbon-ms</Extensions>
    </Filter>
  </ItemGroup>
  <ItemGroup>
    <ClCompile Include="main.cpp">
      <Filter>Source Files</Filter>
    </ClCompile>
    <ClCompile Include="gen_funcs_matrix.cpp">
      <Filter>Source Files</Filter>
    </ClCompile>
    <ClCompile Include="gen_funcs_vector.cpp">
      <Filter>Source Files</Filter>
    </ClCompile>
    <ClCompile Include="gen_common.cpp">
      <Filter>Source Files</Filter>
    </ClCompile>
    <ClCompile Include="GeneratorVector.cpp">
      <Filter>Source Files</Filter>
    </ClCompile>
    <ClCompile Include="GeneratorMatrix.cpp">
      <Filter>Source Files</Filter>
    </ClCompile>
    <ClCompile Include="GeneratorMatrixTests.cpp">
      <Filter>Source Files</Filter>
    </ClCompile>
    <ClCompile Include="GeneratorVectorTests.cpp">
      <Filter>Source Files</Filter>
    </ClCompile>
    <ClCompile Include="GeneratorScalarTests.cpp">
      <Filter>Source Files</Filter>
    </ClCompile>
    <ClCompile Include="FileIO_common.cpp">
      <Filter>Source Files</Filter>
    </ClCompile>
    <ClCompile Include="FileIO_win64.cpp">
      <Filter>Source Files</Filter>
    </ClCompile>
    <ClCompile Include="FileIO_unix.cpp">
      <Filter>Source Files</Filter>
    </ClCompile>
    <ClCompile Include="time_win64.cpp">
      <Filter>Source Files</Filter>
    </ClCompile>
    <ClCompile Include="allocator.cpp">
      <Filter>Source Files</Filter>
    </ClCompile>
    <ClCompile Include="string_builder.cpp">
      <Filter>Source Files</Filter>
    </ClCompile>
    <ClCompile Include="gen_funcs_vector_sse.cpp">
      <Filter>Source Files</Filter>
    </ClCompile>
    <ClCompile Include="gen_common_sse.cpp">
      <Filter>Source Files</Filter>
    </ClCompile>
    <ClCompile Include="gen_doc_vector.cpp">
      <Filter>Source Files</Filter>
    </ClCompile>
    <ClCompile Include="gen_doc_vector_sse.cpp">
      <Filter>Source Files</Filter>
    </ClCompile>
  </ItemGroup>
  <ItemGroup>
    <ClInclude Include="gen_common.h">
      <Filter>Header Files</Filter>
    </ClInclude>
    <ClInclude Include="FileIO.h">
      <Filter>Header Files</Filter>
    </ClInclude>
    <ClInclude Include="gen_funcs_vector.h">
      <Filter>Header Files</Filter>
    </ClInclude>
    <ClInclude Include="gen_funcs_matrix.h">
      <Filter>Header Files</Filter>
    </ClInclude>
    <ClInclude Include="gen_doc_common.h">
      <Filter>Header Files</Filter>
    </ClInclude>
    <ClInclude Include="GeneratorVector.h">
      <Filter>Header Files</Filter>
    </ClInclude>
    <ClInclude Include="GeneratorMatrix.h">
      <Filter>Header Files</Filter>
    </ClInclude>
    <ClInclude Include="GeneratorMatrixTests.h">
      <Filter>Header Files</Filter>
    </ClInclude>
    <ClInclude Include="GeneratorVectorTests.h">
      <Filter>Header Files</Filter>
    </ClInclude>
    <ClInclude Include="GeneratorScalarTests.h">
      <Filter>Header Files</Filter>
    </ClInclude>
    <ClInclude Include="allocator.h">
      <Filter>Header Files</Filter>
    </ClInclude>
    <ClInclude Include="int_types.h">
      <Filter>Header Files</Filter>
    </ClInclude>
    <ClInclude Include="time.h">
      <Filter>Header Files</Filter>
    </ClInclude>
    <ClInclude Include="string_builder.h">
      <Filter>Header Files</Filter>
    </ClInclude>
    <ClInclude Include="string_helpers.h">
      <Filter>Header Files</Filter>
    </ClInclude>
    <ClInclude Include="gen_funcs_vector_sse.h">
      <Filter>Header Files</Filter>
    </ClInclude>
    <ClInclude Include="gen_common_sse.h">
      <Filter>Header Files</Filter>
    </ClInclude>
  </ItemGroup>
</Project>