<?xml version="1.0" encoding="utf-8"?>
<Project ToolsVersion="4.0" xmlns="http://schemas.microsoft.com/developer/msbuild/2003">
  <ItemGroup>
    <Filter Include="Source Files">
      <UniqueIdentifier>{4FC737F1-C7A5-4376-A066-2A32D752A2FF}</UniqueIdentifier>
      <Extensions>cpp;c;cc;cxx;def;odl;idl;hpj;bat;asm;asmx</Extensions>
    </Filter>
    <Filter Include="Header Files">
      <UniqueIdentifier>{93995380-89BD-4b04-88EB-625FBE52EBFB}</UniqueIdentifier>
      <Extensions>h;hh;hpp;hxx;hm;inl;inc;ipp;xsd</Extensions>
    </Filter>
    <Filter Include="Resource Files">
      <UniqueIdentifier>{67DA6AB6-F800-4c08-8B7A-83BB121AAD01}</UniqueIdentifier>
      <Extensions>rc;ico;cur;bmp;dlg;rc2;rct;bin;rgs;gif;jpg;jpeg;jpe;resx;tiff;tif;png;wav;mfcribbon-ms</Extensions>
    </Filter>
  </ItemGroup>
  <ItemGroup>
    <ClCompile Include="main.cpp">
      <Filter>Source Files</Filter>
    </ClCompile>
    <ClCompile Include="test_bool2.cpp">
      <Filter>Source Files</Filter>
    </ClCompile>
    <ClCompile Include="test_bool2x2.cpp">
      <Filter>Source Files</Filter>
    </ClCompile>
    <ClCompile Include="test_bool2x3.cpp">
      <Filter>Source Files</Filter>
    </ClCompile>
    <ClCompile Include="test_bool2x4.cpp">
      <Filter>Source Files</Filter>
    </ClCompile>
    <ClCompile Include="test_bool3.cpp">
      <Filter>Source Files</Filter>
    </ClCompile>
    <ClCompile Include="test_bool3x2.cpp">
      <Filter>Source Files</Filter>
    </ClCompile>
    <ClCompile Include="test_bool3x3.cpp">
      <Filter>Source Files</Filter>
    </ClCompile>
    <ClCompile Include="test_bool3x4.cpp">
      <Filter>Source Files</Filter>
    </ClCompile>
    <ClCompile Include="test_bool4.cpp">
      <Filter>Source Files</Filter>
    </ClCompile>
    <ClCompile Include="test_bool4x2.cpp">
      <Filter>Source Files</Filter>
    </ClCompile>
    <ClCompile Include="test_bool4x3.cpp">
      <Filter>Source Files</Filter>
    </ClCompile>
    <ClCompile Include="test_bool4x4.cpp">
      <Filter>Source Files</Filter>
    </ClCompile>
    <ClCompile Include="test_double2.cpp">
      <Filter>Source Files</Filter>
    </ClCompile>
    <ClCompile Include="test_double2x2.cpp">
      <Filter>Source Files</Filter>
    </ClCompile>
    <ClCompile Include="test_double2x3.cpp">
      <Filter>Source Files</Filter>
    </ClCompile>
    <ClCompile Include="test_double2x4.cpp">
      <Filter>Source Files</Filter>
    </ClCompile>
    <ClCompile Include="test_double3.cpp">
      <Filter>Source Files</Filter>
    </ClCompile>
    <ClCompile Include="test_double3x2.cpp">
      <Filter>Source Files</Filter>
    </ClCompile>
    <ClCompile Include="test_double3x3.cpp">
      <Filter>Source Files</Filter>
    </ClCompile>
    <ClCompile Include="test_double3x4.cpp">
      <Filter>Source Files</Filter>
    </ClCompile>
    <ClCompile Include="test_double4.cpp">
      <Filter>Source Files</Filter>
    </ClCompile>
    <ClCompile Include="test_double4x2.cpp">
      <Filter>Source Files</Filter>
    </ClCompile>
    <ClCompile Include="test_double4x3.cpp">
      <Filter>Source Files</Filter>
    </ClCompile>
    <ClCompile Include="test_double4x4.cpp">
      <Filter>Source Files</Filter>
    </ClCompile>
    <ClCompile Include="test_float2.cpp">
      <Filter>Source Files</Filter>
    </ClCompile>
    <ClCompile Include="test_float2x2.cpp">
      <Filter>Source Files</Filter>
    </ClCompile>
    <ClCompile Include="test_float2x3.cpp">
      <Filter>Source Files</Filter>
    </ClCompile>
    <ClCompile Include="test_float2x4.cpp">
      <Filter>Source Files</Filter>
    </ClCompile>
    <ClCompile Include="test_float3.cpp">
      <Filter>Source Files</Filter>
    </ClCompile>
    <ClCompile Include="test_float3x2.cpp">
      <Filter>Source Files</Filter>
    </ClCompile>
    <ClCompile Include="test_float3x3.cpp">
      <Filter>Source Files</Filter>
    </ClCompile>
    <ClCompile Include="test_float3x4.cpp">
      <Filter>Source Files</Filter>
    </ClCompile>
    <ClCompile Include="test_float4.cpp">
      <Filter>Source Files</Filter>
    </ClCompile>
    <ClCompile Include="test_float4x2.cpp">
      <Filter>Source Files</Filter>
    </ClCompile>
    <ClCompile Include="test_float4x3.cpp">
      <Filter>Source Files</Filter>
    </ClCompile>
    <ClCompile Include="test_float4x4.cpp">
      <Filter>Source Files</Filter>
    </ClCompile>
    <ClCompile Include="test_int2.cpp">
      <Filter>Source Files</Filter>
    </ClCompile>
    <ClCompile Include="test_int2x2.cpp">
      <Filter>Source Files</Filter>
    </ClCompile>
    <ClCompile Include="test_int2x3.cpp">
      <Filter>Source Files</Filter>
    </ClCompile>
    <ClCompile Include="test_int2x4.cpp">
      <Filter>Source Files</Filter>
    </ClCompile>
    <ClCompile Include="test_int3.cpp">
      <Filter>Source Files</Filter>
    </ClCompile>
    <ClCompile Include="test_int3x2.cpp">
      <Filter>Source Files</Filter>
    </ClCompile>
    <ClCompile Include="test_int3x3.cpp">
      <Filter>Source Files</Filter>
    </ClCompile>
    <ClCompile Include="test_int3x4.cpp">
      <Filter>Source Files</Filter>
    </ClCompile>
    <ClCompile Include="test_int4.cpp">
      <Filter>Source Files</Filter>
    </ClCompile>
    <ClCompile Include="test_int4x2.cpp">
      <Filter>Source Files</Filter>
    </ClCompile>
    <ClCompile Include="test_int4x3.cpp">
      <Filter>Source Files</Filter>
    </ClCompile>
    <ClCompile Include="test_int4x4.cpp">
      <Filter>Source Files</Filter>
    </ClCompile>
    <ClCompile Include="test_uint2.cpp">
      <Filter>Source Files</Filter>
    </ClCompile>
    <ClCompile Include="test_uint2x2.cpp">
      <Filter>Source Files</Filter>
    </ClCompile>
    <ClCompile Include="test_uint2x3.cpp">
      <Filter>Source Files</Filter>
    </ClCompile>
    <ClCompile Include="test_uint2x4.cpp">
      <Filter>Source Files</Filter>
    </ClCompile>
    <ClCompile Include="test_uint3.cpp">
      <Filter>Source Files</Filter>
    </ClCompile>
    <ClCompile Include="test_uint3x2.cpp">
      <Filter>Source Files</Filter>
    </ClCompile>
    <ClCompile Include="test_uint3x3.cpp">
      <Filter>Source Files</Filter>
    </ClCompile>
    <ClCompile Include="test_uint3x4.cpp">
      <Filter>Source Files</Filter>
    </ClCompile>
    <ClCompile Include="test_uint4.cpp">
      <Filter>Source Files</Filter>
    </ClCompile>
    <ClCompile Include="test_uint4x2.cpp">
      <Filter>Source Files</Filter>
    </ClCompile>
    <ClCompile Include="test_uint4x3.cpp">
      <Filter>Source Files</Filter>
    </ClCompile>
    <ClCompile Include="test_uint4x4.cpp">
      <Filter>Source Files</Filter>
    </ClCompile>
    <ClCompile Include="test_scalar_double.cpp">
      <Filter>Source Files</Filter>
    </ClCompile>
    <ClCompile Include="test_scalar_float.cpp">
      <Filter>Source Files</Filter>
    </ClCompile>
    <ClCompile Include="test_scalar_int32_t.cpp">
      <Filter>Source Files</Filter>
    </ClCompile>
    <ClCompile Include="test_scalar_uint32_t.cpp">
      <Filter>Source Files</Filter>
    </ClCompile>
    <ClCompile Include="test_quaternion_double4.cpp">
      <Filter>Source Files</Filter>
    </ClCompile>
    <ClCompile Include="test_quaternion_float4.cpp">
      <Filter>Source Files</Filter>
    </ClCompile>
  </ItemGroup>
</Project>