
Microsoft Visual Studio Solution File, Format Version 12.00
# Visual Studio Version 16
Project("{8BC9CEB8-8B4A-11D0-8D11-00A0C91BC942}") = "hlml-gen", "hlml-gen.vcxproj", "{797A02F6-6547-5D01-8E60-4BA97A8C928F}"
EndProject
Project("{8BC9CEB8-8B4A-11D0-8D11-00A0C91BC942}") = "hlml-tests-c", "hlml-tests-c.vcxproj", "{A22A8EB8-8E8D-1D5D-3713-56132355E9DF}"
EndProject
Global
	GlobalSection(SolutionConfigurationPlatforms) = preSolution
		debug|win64-clang = debug|win64-clang
		debug|win64-gcc = debug|win64-gcc
		debug|win64-msvc = debug|win64-msvc
		release|win64-clang = release|win64-clang
		release|win64-gcc = release|win64-gcc
		release|win64-msvc = release|win64-msvc
	EndGlobalSection
	GlobalSection(ProjectConfigurationPlatforms) = postSolution
		{797A02F6-6547-5D01-8E60-4BA97A8C928F}.debug|win64-clang.ActiveCfg = debug win64-clang|x64
		{797A02F6-6547-5D01-8E60-4BA97A8C928F}.debug|win64-clang.Build.0 = debug win64-clang|x64
		{797A02F6-6547-5D01-8E60-4BA97A8C928F}.debug|win64-gcc.ActiveCfg = debug win64-gcc|x64
		{797A02F6-6547-5D01-8E60-4BA97A8C928F}.debug|win64-gcc.Build.0 = debug win64-gcc|x64
		{797A02F6-6547-5D01-8E60-4BA97A8C928F}.debug|win64-msvc.ActiveCfg = debug win64-msvc|x64
		{797A02F6-6547-5D01-8E60-4BA97A8C928F}.debug|win64-msvc.Build.0 = debug win64-msvc|x64
		{797A02F6-6547-5D01-8E60-4BA97A8C928F}.release|win64-clang.ActiveCfg = release win64-clang|x64
		{797A02F6-6547-5D01-8E60-4BA97A8C928F}.release|win64-clang.Build.0 = release win64-clang|x64
		{797A02F6-6547-5D01-8E60-4BA97A8C928F}.release|win64-gcc.ActiveCfg = release win64-gcc|x64
		{797A02F6-6547-5D01-8E60-4BA97A8C928F}.release|win64-gcc.Build.0 = release win64-gcc|x64
		{797A02F6-6547-5D01-8E60-4BA97A8C928F}.release|win64-msvc.ActiveCfg = release win64-msvc|x64
		{797A02F6-6547-5D01-8E60-4BA97A8C928F}.release|win64-msvc.Build.0 = release win64-msvc|x64
		{A22A8EB8-8E8D-1D5D-3713-56132355E9DF}.debug|win64-clang.ActiveCfg = debug win64-clang|x64
		{A22A8EB8-8E8D-1D5D-3713-56132355E9DF}.debug|win64-clang.Build.0 = debug win64-clang|x64
		{A22A8EB8-8E8D-1D5D-3713-56132355E9DF}.debug|win64-gcc.ActiveCfg = debug win64-gcc|x64
		{A22A8EB8-8E8D-1D5D-3713-56132355E9DF}.debug|win64-gcc.Build.0 = debug win64-gcc|x64
		{A22A8EB8-8E8D-1D5D-3713-56132355E9DF}.debug|win64-msvc.ActiveCfg = debug win64-msvc|x64
		{A22A8EB8-8E8D-1D5D-3713-56132355E9DF}.debug|win64-msvc.Build.0 = debug win64-msvc|x64
		{A22A8EB8-8E8D-1D5D-3713-56132355E9DF}.release|win64-clang.ActiveCfg = release win64-clang|x64
		{A22A8EB8-8E8D-1D5D-3713-56132355E9DF}.release|win64-clang.Build.0 = release win64-clang|x64
		{A22A8EB8-8E8D-1D5D-3713-56132355E9DF}.release|win64-gcc.ActiveCfg = release win64-gcc|x64
		{A22A8EB8-8E8D-1D5D-3713-56132355E9DF}.release|win64-gcc.Build.0 = release win64-gcc|x64
		{A22A8EB8-8E8D-1D5D-3713-56132355E9DF}.release|win64-msvc.ActiveCfg = release win64-msvc|x64
		{A22A8EB8-8E8D-1D5D-3713-56132355E9DF}.release|win64-msvc.Build.0 = release win64-msvc|x64
	EndGlobalSection
	GlobalSection(SolutionProperties) = preSolution
		HideSolutionNode = FALSE
	EndGlobalSection
EndGlobal
